{
  "version": 4,
  "terraform_version": "1.5.7",
  "serial": 45,
  "lineage": "d62f865c-01ce-7c39-b44b-e35318db0b77",
  "outputs": {},
  "resources": [
    {
      "mode": "data",
      "type": "aws_availability_zones",
      "name": "available",
      "provider": "provider[\"registry.terraform.io/hashicorp/aws\"]",
      "instances": [
        {
          "schema_version": 0,
          "attributes": {
            "all_availability_zones": null,
            "exclude_names": null,
            "exclude_zone_ids": null,
            "filter": null,
            "group_names": [
              "ap-northeast-2"
            ],
            "id": "ap-northeast-2",
            "names": [
              "ap-northeast-2a",
              "ap-northeast-2b",
              "ap-northeast-2c",
              "ap-northeast-2d"
            ],
            "state": null,
            "timeouts": null,
            "zone_ids": [
              "apne2-az1",
              "apne2-az2",
              "apne2-az3",
              "apne2-az4"
            ]
          },
          "sensitive_attributes": []
        }
      ]
    },
    {
      "mode": "data",
      "type": "aws_iam_policy",
      "name": "administrator_access",
      "provider": "provider[\"registry.terraform.io/hashicorp/aws\"]",
      "instances": [
        {
          "schema_version": 0,
          "attributes": {
            "arn": "arn:aws:iam::aws:policy/AdministratorAccess",
            "attachment_count": 3,
            "description": "Provides full access to AWS services and resources.",
            "id": "arn:aws:iam::aws:policy/AdministratorAccess",
            "name": "AdministratorAccess",
            "path": "/",
            "path_prefix": null,
            "policy": "{\n  \"Version\": \"2012-10-17\",\n  \"Statement\": [\n    {\n      \"Effect\": \"Allow\",\n      \"Action\": \"*\",\n      \"Resource\": \"*\"\n    }\n  ]\n}",
            "policy_id": "ANPAIWMBCKSKIEE64ZLYK",
            "tags": {}
          },
          "sensitive_attributes": []
        }
      ]
    },
    {
      "mode": "data",
      "type": "aws_iam_policy",
      "name": "ssm_managed_instance_core",
      "provider": "provider[\"registry.terraform.io/hashicorp/aws\"]",
      "instances": [
        {
          "schema_version": 0,
          "attributes": {
            "arn": "arn:aws:iam::aws:policy/AmazonSSMManagedInstanceCore",
            "attachment_count": 2,
            "description": "The policy for Amazon EC2 Role to enable AWS Systems Manager service core functionality.",
            "id": "arn:aws:iam::aws:policy/AmazonSSMManagedInstanceCore",
            "name": "AmazonSSMManagedInstanceCore",
            "path": "/",
            "path_prefix": null,
            "policy": "{\n    \"Version\": \"2012-10-17\",\n    \"Statement\": [\n        {\n            \"Effect\": \"Allow\",\n            \"Action\": [\n                \"ssm:DescribeAssociation\",\n                \"ssm:GetDeployablePatchSnapshotForInstance\",\n                \"ssm:GetDocument\",\n                \"ssm:DescribeDocument\",\n                \"ssm:GetManifest\",\n                \"ssm:GetParameter\",\n                \"ssm:GetParameters\",\n                \"ssm:ListAssociations\",\n                \"ssm:ListInstanceAssociations\",\n                \"ssm:PutInventory\",\n                \"ssm:PutComplianceItems\",\n                \"ssm:PutConfigurePackageResult\",\n                \"ssm:UpdateAssociationStatus\",\n                \"ssm:UpdateInstanceAssociationStatus\",\n                \"ssm:UpdateInstanceInformation\"\n            ],\n            \"Resource\": \"*\"\n        },\n        {\n            \"Effect\": \"Allow\",\n            \"Action\": [\n                \"ssmmessages:CreateControlChannel\",\n                \"ssmmessages:CreateDataChannel\",\n                \"ssmmessages:OpenControlChannel\",\n                \"ssmmessages:OpenDataChannel\"\n            ],\n            \"Resource\": \"*\"\n        },\n        {\n            \"Effect\": \"Allow\",\n            \"Action\": [\n                \"ec2messages:AcknowledgeMessage\",\n                \"ec2messages:DeleteMessage\",\n                \"ec2messages:FailMessage\",\n                \"ec2messages:GetEndpoint\",\n                \"ec2messages:GetMessages\",\n                \"ec2messages:SendReply\"\n            ],\n            \"Resource\": \"*\"\n        }\n    ]\n}",
            "policy_id": "ANPAIXSHM2BNB2D3AXXRU",
            "tags": {}
          },
          "sensitive_attributes": []
        }
      ]
    },
    {
      "mode": "managed",
      "type": "aws_cloudwatch_log_group",
      "name": "msk_broker_log_group",
      "provider": "provider[\"registry.terraform.io/hashicorp/aws\"]",
      "instances": [
        {
          "schema_version": 0,
          "attributes": {
            "arn": "arn:aws:logs:ap-northeast-2:058264542355:log-group:/aws/msk/broker/logs",
            "id": "/aws/msk/broker/logs",
            "kms_key_id": "",
            "log_group_class": "STANDARD",
            "name": "/aws/msk/broker/logs",
            "name_prefix": "",
            "retention_in_days": 30,
            "skip_destroy": false,
            "tags": null,
            "tags_all": {}
          },
          "sensitive_attributes": [],
          "private": "bnVsbA=="
        }
      ]
    },
    {
      "mode": "managed",
      "type": "aws_iam_instance_profile",
      "name": "ec2_instance_profile",
      "provider": "provider[\"registry.terraform.io/hashicorp/aws\"]",
      "instances": [
        {
          "schema_version": 0,
          "attributes": {
            "arn": "arn:aws:iam::058264542355:instance-profile/chiholee-ec2-instance-profile",
            "create_date": "2024-06-01T13:21:46Z",
            "id": "chiholee-ec2-instance-profile",
            "name": "chiholee-ec2-instance-profile",
            "name_prefix": "",
            "path": "/",
            "role": "chiholee-ec2-admin-role",
            "tags": {},
            "tags_all": {},
            "unique_id": "AIPAQ3EGWLSJZJHERVHJM"
          },
          "sensitive_attributes": [],
          "private": "bnVsbA==",
          "dependencies": [
            "aws_iam_role.ec2_admin_role"
          ]
        }
      ]
    },
    {
      "mode": "managed",
      "type": "aws_iam_role",
      "name": "ec2_admin_role",
      "provider": "provider[\"registry.terraform.io/hashicorp/aws\"]",
      "instances": [
        {
          "schema_version": 0,
          "attributes": {
            "arn": "arn:aws:iam::058264542355:role/chiholee-ec2-admin-role",
            "assume_role_policy": "{\"Statement\":[{\"Action\":\"sts:AssumeRole\",\"Effect\":\"Allow\",\"Principal\":{\"Service\":\"ec2.amazonaws.com\"}}],\"Version\":\"2012-10-17\"}",
            "create_date": "2024-06-01T13:21:44Z",
            "description": "",
            "force_detach_policies": false,
            "id": "chiholee-ec2-admin-role",
            "inline_policy": [],
            "managed_policy_arns": [
              "arn:aws:iam::aws:policy/AdministratorAccess",
              "arn:aws:iam::aws:policy/AmazonSSMManagedInstanceCore"
            ],
            "max_session_duration": 3600,
            "name": "chiholee-ec2-admin-role",
            "name_prefix": "",
            "path": "/",
            "permissions_boundary": "",
            "tags": {},
            "tags_all": {},
            "unique_id": "AROAQ3EGWLSJ5T5P64DWH"
          },
          "sensitive_attributes": [],
          "private": "bnVsbA=="
        }
      ]
    },
    {
      "mode": "managed",
      "type": "aws_iam_role_policy_attachment",
      "name": "ec2_admin_attach",
      "provider": "provider[\"registry.terraform.io/hashicorp/aws\"]",
      "instances": [
        {
          "schema_version": 0,
          "attributes": {
            "id": "chiholee-ec2-admin-role-20240601132145936100000001",
            "policy_arn": "arn:aws:iam::aws:policy/AdministratorAccess",
            "role": "chiholee-ec2-admin-role"
          },
          "sensitive_attributes": [],
          "private": "bnVsbA==",
          "dependencies": [
            "aws_iam_role.ec2_admin_role",
            "data.aws_iam_policy.administrator_access"
          ]
        }
      ]
    },
    {
      "mode": "managed",
      "type": "aws_iam_role_policy_attachment",
      "name": "ssm_attach",
      "provider": "provider[\"registry.terraform.io/hashicorp/aws\"]",
      "instances": [
        {
          "schema_version": 0,
          "attributes": {
            "id": "chiholee-ec2-admin-role-20240601133238087700000001",
            "policy_arn": "arn:aws:iam::aws:policy/AmazonSSMManagedInstanceCore",
            "role": "chiholee-ec2-admin-role"
          },
          "sensitive_attributes": [],
          "private": "bnVsbA==",
          "dependencies": [
            "aws_iam_role.ec2_admin_role",
            "data.aws_iam_policy.ssm_managed_instance_core"
          ]
        }
      ]
    },
    {
      "mode": "managed",
      "type": "aws_security_group",
      "name": "common_sg",
      "provider": "provider[\"registry.terraform.io/hashicorp/aws\"]",
      "instances": [
        {
          "schema_version": 1,
          "attributes": {
            "arn": "arn:aws:ec2:ap-northeast-2:058264542355:security-group/sg-067f848711d67b302",
            "description": "chiholee-common-sg",
            "egress": [
              {
                "cidr_blocks": [
                  "0.0.0.0/0"
                ],
                "description": "Allow all outbound traffic",
                "from_port": 0,
                "ipv6_cidr_blocks": [],
                "prefix_list_ids": [],
                "protocol": "-1",
                "security_groups": [],
                "self": false,
                "to_port": 0
              }
            ],
            "id": "sg-067f848711d67b302",
            "ingress": [
              {
                "cidr_blocks": [
                  "0.0.0.0/0"
                ],
                "description": "Allow HTTP traffic",
                "from_port": 22,
                "ipv6_cidr_blocks": [],
                "prefix_list_ids": [],
                "protocol": "tcp",
                "security_groups": [],
                "self": false,
                "to_port": 22
              }
            ],
            "name": "chiholee-common-sg",
            "name_prefix": "",
            "owner_id": "058264542355",
            "revoke_rules_on_delete": false,
            "tags": {
              "identifier": "chiholee",
              "terraform": "true"
            },
            "tags_all": {
              "identifier": "chiholee",
              "terraform": "true"
            },
            "timeouts": null,
            "vpc_id": "vpc-06350b49d5e24cdba"
          },
          "sensitive_attributes": [],
          "private": "eyJlMmJmYjczMC1lY2FhLTExZTYtOGY4OC0zNDM2M2JjN2M0YzAiOnsiY3JlYXRlIjo2MDAwMDAwMDAwMDAsImRlbGV0ZSI6OTAwMDAwMDAwMDAwfSwic2NoZW1hX3ZlcnNpb24iOiIxIn0=",
          "dependencies": [
            "module.vpc.aws_vpc.this"
          ]
        }
      ]
    },
    {
      "module": "module.aurora",
      "mode": "data",
      "type": "aws_partition",
      "name": "current",
      "provider": "provider[\"registry.terraform.io/hashicorp/aws\"]",
      "instances": [
        {
          "schema_version": 0,
          "attributes": {
            "dns_suffix": "amazonaws.com",
            "id": "aws",
            "partition": "aws",
            "reverse_dns_prefix": "com.amazonaws"
          },
          "sensitive_attributes": []
        }
      ]
    },
    {
      "module": "module.aurora",
      "mode": "managed",
      "type": "aws_db_parameter_group",
      "name": "this",
      "provider": "provider[\"registry.terraform.io/hashicorp/aws\"]",
      "instances": [
        {
          "index_key": 0,
          "schema_version": 0,
          "attributes": {
            "arn": "arn:aws:rds:ap-northeast-2:058264542355:pg:chiholee-20240601100230452500000001",
            "description": "chiholee",
            "family": "aurora-mysql8.0",
            "id": "chiholee-20240601100230452500000001",
            "name": "chiholee-20240601100230452500000001",
            "name_prefix": "chiholee-",
            "parameter": [
              {
                "apply_method": "immediate",
                "name": "connect_timeout",
                "value": "60"
              },
              {
                "apply_method": "immediate",
                "name": "general_log",
                "value": "0"
              },
              {
                "apply_method": "immediate",
                "name": "innodb_lock_wait_timeout",
                "value": "300"
              },
              {
                "apply_method": "immediate",
                "name": "log_bin_trust_function_creators",
                "value": "1"
              },
              {
                "apply_method": "immediate",
                "name": "long_query_time",
                "value": "5"
              },
              {
                "apply_method": "immediate",
                "name": "max_connections",
                "value": "2000"
              },
              {
                "apply_method": "immediate",
                "name": "slow_query_log",
                "value": "1"
              },
              {
                "apply_method": "pending-reboot",
                "name": "log_output",
                "value": "FILE"
              }
            ],
            "tags": {
              "identifier": "chiholee",
              "terraform": "true"
            },
            "tags_all": {
              "identifier": "chiholee",
              "terraform": "true"
            }
          },
          "sensitive_attributes": [],
          "private": "bnVsbA==",
          "create_before_destroy": true
        }
      ]
    },
    {
      "module": "module.aurora",
      "mode": "managed",
      "type": "aws_rds_cluster",
      "name": "this",
      "provider": "provider[\"registry.terraform.io/hashicorp/aws\"]",
      "instances": [
        {
          "index_key": 0,
          "schema_version": 1,
          "attributes": {
            "allocated_storage": 1,
            "allow_major_version_upgrade": false,
            "apply_immediately": true,
            "arn": "arn:aws:rds:ap-northeast-2:058264542355:cluster:chiholee",
            "availability_zones": [
              "ap-northeast-2a",
              "ap-northeast-2b",
              "ap-northeast-2c"
            ],
            "backtrack_window": 0,
            "backup_retention_period": 1,
            "cluster_identifier": "chiholee",
            "cluster_identifier_prefix": "",
            "cluster_members": [
              "mysql-1",
              "mysql-2"
            ],
            "cluster_resource_id": "cluster-EDQRF2W7UF5GA2FOFXNSWAP7FU",
            "copy_tags_to_snapshot": false,
            "database_name": null,
            "db_cluster_instance_class": "",
            "db_cluster_parameter_group_name": "chiholee-20240601100230454500000002",
            "db_instance_parameter_group_name": null,
            "db_subnet_group_name": "chiholee",
            "db_system_id": "",
            "delete_automated_backups": true,
            "deletion_protection": false,
            "domain": "",
            "domain_iam_role_name": "",
            "enable_global_write_forwarding": false,
            "enable_http_endpoint": false,
            "enable_local_write_forwarding": false,
            "enabled_cloudwatch_logs_exports": [
              "audit",
              "error",
              "general",
              "slowquery"
            ],
            "endpoint": "chiholee.cluster-cz2ms4a2cmjt.ap-northeast-2.rds.amazonaws.com",
            "engine": "aurora-mysql",
            "engine_mode": "provisioned",
            "engine_version": "8.0",
            "engine_version_actual": "8.0.mysql_aurora.3.05.2",
            "final_snapshot_identifier": null,
            "global_cluster_identifier": "",
            "hosted_zone_id": "ZLA2NUCOLGUUR",
            "iam_database_authentication_enabled": false,
            "iam_roles": [],
            "id": "chiholee",
            "iops": 0,
            "kms_key_id": "arn:aws:kms:ap-northeast-2:058264542355:key/aea26448-c58a-4c7c-882f-06653a6217f9",
            "manage_master_user_password": true,
            "master_password": null,
            "master_user_secret": [],
            "master_user_secret_kms_key_id": null,
            "master_username": "admin",
            "network_type": "IPV4",
            "port": 3306,
            "preferred_backup_window": "02:00-03:00",
            "preferred_maintenance_window": "sun:05:00-sun:06:00",
            "reader_endpoint": "chiholee.cluster-ro-cz2ms4a2cmjt.ap-northeast-2.rds.amazonaws.com",
            "replication_source_identifier": "",
            "restore_to_point_in_time": [],
            "s3_import": [],
            "scaling_configuration": [],
            "serverlessv2_scaling_configuration": [],
            "skip_final_snapshot": true,
            "snapshot_identifier": null,
            "source_region": null,
            "storage_encrypted": true,
            "storage_type": "",
            "tags": {
              "identifier": "chiholee",
              "terraform": "true"
            },
            "tags_all": {
              "identifier": "chiholee",
              "terraform": "true"
            },
            "timeouts": {
              "create": null,
              "delete": null,
              "update": null
            },
            "vpc_security_group_ids": [
              "sg-0204a9be701b2ccf1"
            ]
          },
          "sensitive_attributes": [],
          "private": "eyJlMmJmYjczMC1lY2FhLTExZTYtOGY4OC0zNDM2M2JjN2M0YzAiOnsiY3JlYXRlIjo3MjAwMDAwMDAwMDAwLCJkZWxldGUiOjcyMDAwMDAwMDAwMDAsInVwZGF0ZSI6NzIwMDAwMDAwMDAwMH0sInNjaGVtYV92ZXJzaW9uIjoiMSJ9",
          "dependencies": [
            "data.aws_availability_zones.available",
            "module.aurora.aws_cloudwatch_log_group.this",
            "module.aurora.aws_db_subnet_group.this",
            "module.aurora.aws_rds_cluster_parameter_group.this",
            "module.aurora.aws_security_group.this",
            "module.vpc.aws_db_subnet_group.database",
            "module.vpc.aws_subnet.database",
            "module.vpc.aws_vpc.this",
            "module.vpc.aws_vpc_ipv4_cidr_block_association.this"
          ]
        }
      ]
    },
    {
      "module": "module.aurora",
      "mode": "managed",
      "type": "aws_rds_cluster_instance",
      "name": "this",
      "provider": "provider[\"registry.terraform.io/hashicorp/aws\"]",
      "instances": [
        {
          "index_key": "1",
          "schema_version": 0,
          "attributes": {
            "apply_immediately": true,
            "arn": "arn:aws:rds:ap-northeast-2:058264542355:db:mysql-1",
            "auto_minor_version_upgrade": true,
            "availability_zone": "ap-northeast-2b",
            "ca_cert_identifier": "rds-ca-rsa2048-g1",
            "cluster_identifier": "chiholee",
            "copy_tags_to_snapshot": false,
            "custom_iam_instance_profile": "",
            "db_parameter_group_name": "chiholee-20240601100230452500000001",
            "db_subnet_group_name": "chiholee",
            "dbi_resource_id": "db-LRPXBHSOAPMNA7U6DO2IRUQ2XA",
            "endpoint": "mysql-1.cz2ms4a2cmjt.ap-northeast-2.rds.amazonaws.com",
            "engine": "aurora-mysql",
            "engine_version": "8.0",
            "engine_version_actual": "8.0.mysql_aurora.3.05.2",
            "id": "mysql-1",
            "identifier": "mysql-1",
            "identifier_prefix": "",
            "instance_class": "db.r5.large",
            "kms_key_id": "arn:aws:kms:ap-northeast-2:058264542355:key/aea26448-c58a-4c7c-882f-06653a6217f9",
            "monitoring_interval": 0,
            "monitoring_role_arn": "",
            "network_type": "IPV4",
            "performance_insights_enabled": false,
            "performance_insights_kms_key_id": "",
            "performance_insights_retention_period": 0,
            "port": 3306,
            "preferred_backup_window": "02:00-03:00",
            "preferred_maintenance_window": "sun:05:00-sun:06:00",
            "promotion_tier": 0,
            "publicly_accessible": false,
            "storage_encrypted": true,
            "tags": {
              "identifier": "chiholee",
              "terraform": "true"
            },
            "tags_all": {
              "identifier": "chiholee",
              "terraform": "true"
            },
            "timeouts": {
              "create": null,
              "delete": null,
              "update": null
            },
            "writer": true
          },
          "sensitive_attributes": [],
          "private": "eyJlMmJmYjczMC1lY2FhLTExZTYtOGY4OC0zNDM2M2JjN2M0YzAiOnsiY3JlYXRlIjo1NDAwMDAwMDAwMDAwLCJkZWxldGUiOjU0MDAwMDAwMDAwMDAsInVwZGF0ZSI6NTQwMDAwMDAwMDAwMH19",
          "dependencies": [
            "data.aws_availability_zones.available",
            "module.aurora.aws_cloudwatch_log_group.this",
            "module.aurora.aws_db_parameter_group.this",
            "module.aurora.aws_db_subnet_group.this",
            "module.aurora.aws_iam_role.rds_enhanced_monitoring",
            "module.aurora.aws_rds_cluster.this",
            "module.aurora.aws_rds_cluster_parameter_group.this",
            "module.aurora.aws_security_group.this",
            "module.aurora.data.aws_iam_policy_document.monitoring_rds_assume_role",
            "module.vpc.aws_db_subnet_group.database",
            "module.vpc.aws_subnet.database",
            "module.vpc.aws_vpc.this",
            "module.vpc.aws_vpc_ipv4_cidr_block_association.this"
          ]
        },
        {
          "index_key": "2",
          "schema_version": 0,
          "attributes": {
            "apply_immediately": true,
            "arn": "arn:aws:rds:ap-northeast-2:058264542355:db:mysql-2",
            "auto_minor_version_upgrade": true,
            "availability_zone": "ap-northeast-2a",
            "ca_cert_identifier": "rds-ca-rsa2048-g1",
            "cluster_identifier": "chiholee",
            "copy_tags_to_snapshot": false,
            "custom_iam_instance_profile": "",
            "db_parameter_group_name": "chiholee-20240601100230452500000001",
            "db_subnet_group_name": "chiholee",
            "dbi_resource_id": "db-54ITRB5AOE36ZKZN4I2GEWB6RY",
            "endpoint": "mysql-2.cz2ms4a2cmjt.ap-northeast-2.rds.amazonaws.com",
            "engine": "aurora-mysql",
            "engine_version": "8.0",
            "engine_version_actual": "8.0.mysql_aurora.3.05.2",
            "id": "mysql-2",
            "identifier": "mysql-2",
            "identifier_prefix": "",
            "instance_class": "db.r5.large",
            "kms_key_id": "arn:aws:kms:ap-northeast-2:058264542355:key/aea26448-c58a-4c7c-882f-06653a6217f9",
            "monitoring_interval": 0,
            "monitoring_role_arn": "",
            "network_type": "IPV4",
            "performance_insights_enabled": false,
            "performance_insights_kms_key_id": "",
            "performance_insights_retention_period": 0,
            "port": 3306,
            "preferred_backup_window": "02:00-03:00",
            "preferred_maintenance_window": "sun:05:00-sun:06:00",
            "promotion_tier": 0,
            "publicly_accessible": false,
            "storage_encrypted": true,
            "tags": {
              "identifier": "chiholee",
              "terraform": "true"
            },
            "tags_all": {
              "identifier": "chiholee",
              "terraform": "true"
            },
            "timeouts": {
              "create": null,
              "delete": null,
              "update": null
            },
            "writer": false
          },
          "sensitive_attributes": [],
          "private": "eyJlMmJmYjczMC1lY2FhLTExZTYtOGY4OC0zNDM2M2JjN2M0YzAiOnsiY3JlYXRlIjo1NDAwMDAwMDAwMDAwLCJkZWxldGUiOjU0MDAwMDAwMDAwMDAsInVwZGF0ZSI6NTQwMDAwMDAwMDAwMH19",
          "dependencies": [
            "data.aws_availability_zones.available",
            "module.aurora.aws_cloudwatch_log_group.this",
            "module.aurora.aws_db_parameter_group.this",
            "module.aurora.aws_db_subnet_group.this",
            "module.aurora.aws_iam_role.rds_enhanced_monitoring",
            "module.aurora.aws_rds_cluster.this",
            "module.aurora.aws_rds_cluster_parameter_group.this",
            "module.aurora.aws_security_group.this",
            "module.aurora.data.aws_iam_policy_document.monitoring_rds_assume_role",
            "module.vpc.aws_db_subnet_group.database",
            "module.vpc.aws_subnet.database",
            "module.vpc.aws_vpc.this",
            "module.vpc.aws_vpc_ipv4_cidr_block_association.this"
          ]
        }
      ]
    },
    {
      "module": "module.aurora",
      "mode": "managed",
      "type": "aws_rds_cluster_parameter_group",
      "name": "this",
      "provider": "provider[\"registry.terraform.io/hashicorp/aws\"]",
      "instances": [
        {
          "index_key": 0,
          "schema_version": 0,
          "attributes": {
            "arn": "arn:aws:rds:ap-northeast-2:058264542355:cluster-pg:chiholee-20240601100230454500000002",
            "description": "chiholee example cluster parameter group",
            "family": "aurora-mysql8.0",
            "id": "chiholee-20240601100230454500000002",
            "name": "chiholee-20240601100230454500000002",
            "name_prefix": "chiholee-",
            "parameter": [
              {
                "apply_method": "immediate",
                "name": "connect_timeout",
                "value": "120"
              },
              {
                "apply_method": "immediate",
                "name": "innodb_lock_wait_timeout",
                "value": "300"
              },
              {
                "apply_method": "immediate",
                "name": "log_bin_trust_function_creators",
                "value": "1"
              },
              {
                "apply_method": "immediate",
                "name": "log_output",
                "value": "FILE"
              },
              {
                "apply_method": "immediate",
                "name": "max_allowed_packet",
                "value": "67108864"
              },
              {
                "apply_method": "pending-reboot",
                "name": "aurora_parallel_query",
                "value": "OFF"
              },
              {
                "apply_method": "pending-reboot",
                "name": "binlog_format",
                "value": "ROW"
              },
              {
                "apply_method": "pending-reboot",
                "name": "lower_case_table_names",
                "value": "1"
              },
              {
                "apply_method": "pending-reboot",
                "name": "time_zone",
                "value": "asia/seoul"
              },
              {
                "apply_method": "pending-reboot",
                "name": "tls_version",
                "value": "TLSv1.2"
              }
            ],
            "tags": {
              "identifier": "chiholee",
              "terraform": "true"
            },
            "tags_all": {
              "identifier": "chiholee",
              "terraform": "true"
            }
          },
          "sensitive_attributes": [],
          "private": "bnVsbA==",
          "create_before_destroy": true
        }
      ]
    },
    {
      "module": "module.aurora",
      "mode": "managed",
      "type": "aws_security_group",
      "name": "this",
      "provider": "provider[\"registry.terraform.io/hashicorp/aws\"]",
      "instances": [
        {
          "index_key": 0,
          "schema_version": 1,
          "attributes": {
            "arn": "arn:aws:ec2:ap-northeast-2:058264542355:security-group/sg-0204a9be701b2ccf1",
            "description": "Control traffic to/from RDS Aurora chiholee",
            "egress": [],
            "id": "sg-0204a9be701b2ccf1",
            "ingress": [
              {
                "cidr_blocks": [
                  "10.0.0.0/24",
                  "10.0.1.0/24"
                ],
                "description": "",
                "from_port": 3306,
                "ipv6_cidr_blocks": [],
                "prefix_list_ids": [],
                "protocol": "tcp",
                "security_groups": [],
                "self": false,
                "to_port": 3306
              },
              {
                "cidr_blocks": [],
                "description": "webserver",
                "from_port": 3306,
                "ipv6_cidr_blocks": [],
                "prefix_list_ids": [],
                "protocol": "tcp",
                "security_groups": [
                  "sg-067f848711d67b302"
                ],
                "self": false,
                "to_port": 3306
              }
            ],
            "name": "chiholee-db-sg-20240601100241984400000005",
            "name_prefix": "chiholee-db-sg-",
            "owner_id": "058264542355",
            "revoke_rules_on_delete": false,
            "tags": {
              "Name": "chiholee-db-sg",
              "identifier": "chiholee",
              "terraform": "true"
            },
            "tags_all": {
              "Name": "chiholee-db-sg",
              "identifier": "chiholee",
              "terraform": "true"
            },
            "timeouts": null,
            "vpc_id": "vpc-06350b49d5e24cdba"
          },
          "sensitive_attributes": [],
          "private": "eyJlMmJmYjczMC1lY2FhLTExZTYtOGY4OC0zNDM2M2JjN2M0YzAiOnsiY3JlYXRlIjo2MDAwMDAwMDAwMDAsImRlbGV0ZSI6OTAwMDAwMDAwMDAwfSwic2NoZW1hX3ZlcnNpb24iOiIxIn0=",
          "dependencies": [
            "module.vpc.aws_vpc.this"
          ],
          "create_before_destroy": true
        }
      ]
    },
    {
      "module": "module.aurora",
      "mode": "managed",
      "type": "aws_security_group_rule",
      "name": "this",
      "provider": "provider[\"registry.terraform.io/hashicorp/aws\"]",
      "instances": [
        {
          "index_key": "vpc_ingress",
          "schema_version": 2,
          "attributes": {
            "cidr_blocks": [
              "10.0.0.0/24",
              "10.0.1.0/24"
            ],
            "description": "",
            "from_port": 3306,
            "id": "sgrule-1403941109",
            "ipv6_cidr_blocks": null,
            "prefix_list_ids": null,
            "protocol": "tcp",
            "security_group_id": "sg-0204a9be701b2ccf1",
            "security_group_rule_id": "",
            "self": false,
            "source_security_group_id": null,
            "timeouts": null,
            "to_port": 3306,
            "type": "ingress"
          },
          "sensitive_attributes": [],
          "private": "eyJlMmJmYjczMC1lY2FhLTExZTYtOGY4OC0zNDM2M2JjN2M0YzAiOnsiY3JlYXRlIjozMDAwMDAwMDAwMDB9LCJzY2hlbWFfdmVyc2lvbiI6IjIifQ==",
          "dependencies": [
            "data.aws_availability_zones.available",
            "module.aurora.aws_security_group.this",
            "module.vpc.aws_subnet.private",
            "module.vpc.aws_vpc.this",
            "module.vpc.aws_vpc_ipv4_cidr_block_association.this"
          ]
        }
      ]
    },
    {
      "module": "module.vpc",
      "mode": "managed",
      "type": "aws_db_subnet_group",
      "name": "database",
      "provider": "provider[\"registry.terraform.io/hashicorp/aws\"]",
      "instances": [
        {
          "index_key": 0,
          "schema_version": 0,
          "attributes": {
            "arn": "arn:aws:rds:ap-northeast-2:058264542355:subgrp:chiholee",
            "description": "Database subnet group for chiholee",
            "id": "chiholee",
            "name": "chiholee",
            "name_prefix": "",
            "subnet_ids": [
              "subnet-0445225277443784c",
              "subnet-05fbb9d997d2c9a28"
            ],
            "supported_network_types": [
              "IPV4"
            ],
            "tags": {
              "Name": "chiholee",
              "identifier": "chiholee",
              "terraform": "true"
            },
            "tags_all": {
              "Name": "chiholee",
              "identifier": "chiholee",
              "terraform": "true"
            },
            "vpc_id": "vpc-06350b49d5e24cdba"
          },
          "sensitive_attributes": [],
          "private": "bnVsbA==",
          "dependencies": [
            "data.aws_availability_zones.available",
            "module.vpc.aws_subnet.database",
            "module.vpc.aws_vpc.this",
            "module.vpc.aws_vpc_ipv4_cidr_block_association.this"
          ]
        }
      ]
    },
    {
      "module": "module.vpc",
      "mode": "managed",
      "type": "aws_eip",
      "name": "nat",
      "provider": "provider[\"registry.terraform.io/hashicorp/aws\"]",
      "instances": [
        {
          "index_key": 0,
          "schema_version": 0,
          "attributes": {
            "address": null,
            "allocation_id": "eipalloc-065b5b5c3dfb4ce52",
            "arn": "arn:aws:ec2:ap-northeast-2:058264542355:elastic-ip/eipalloc-065b5b5c3dfb4ce52",
            "associate_with_private_ip": null,
            "association_id": "eipassoc-08d794c087c4cf5b1",
            "carrier_ip": "",
            "customer_owned_ip": "",
            "customer_owned_ipv4_pool": "",
            "domain": "vpc",
            "id": "eipalloc-065b5b5c3dfb4ce52",
            "instance": "",
            "network_border_group": "ap-northeast-2",
            "network_interface": "eni-0c882e3ff1a2a847d",
            "private_dns": "ip-10-0-4-160.ap-northeast-2.compute.internal",
            "private_ip": "10.0.4.160",
            "ptr_record": "",
            "public_dns": "ec2-3-37-192-180.ap-northeast-2.compute.amazonaws.com",
            "public_ip": "3.37.192.180",
            "public_ipv4_pool": "amazon",
            "tags": {
              "Name": "chiholee-ap-northeast-2a",
              "identifier": "chiholee",
              "terraform": "true"
            },
            "tags_all": {
              "Name": "chiholee-ap-northeast-2a",
              "identifier": "chiholee",
              "terraform": "true"
            },
            "timeouts": null,
            "vpc": true
          },
          "sensitive_attributes": [],
          "private": "eyJlMmJmYjczMC1lY2FhLTExZTYtOGY4OC0zNDM2M2JjN2M0YzAiOnsiZGVsZXRlIjoxODAwMDAwMDAwMDAsInJlYWQiOjkwMDAwMDAwMDAwMCwidXBkYXRlIjozMDAwMDAwMDAwMDB9fQ==",
          "dependencies": [
            "data.aws_availability_zones.available",
            "module.vpc.aws_internet_gateway.this",
            "module.vpc.aws_vpc.this",
            "module.vpc.aws_vpc_ipv4_cidr_block_association.this"
          ]
        }
      ]
    },
    {
      "module": "module.vpc",
      "mode": "managed",
      "type": "aws_internet_gateway",
      "name": "this",
      "provider": "provider[\"registry.terraform.io/hashicorp/aws\"]",
      "instances": [
        {
          "index_key": 0,
          "schema_version": 0,
          "attributes": {
            "arn": "arn:aws:ec2:ap-northeast-2:058264542355:internet-gateway/igw-0d5974fe4570e7173",
            "id": "igw-0d5974fe4570e7173",
            "owner_id": "058264542355",
            "tags": {
              "Name": "chiholee",
              "identifier": "chiholee",
              "terraform": "true"
            },
            "tags_all": {
              "Name": "chiholee",
              "identifier": "chiholee",
              "terraform": "true"
            },
            "timeouts": null,
            "vpc_id": "vpc-06350b49d5e24cdba"
          },
          "sensitive_attributes": [],
          "private": "eyJlMmJmYjczMC1lY2FhLTExZTYtOGY4OC0zNDM2M2JjN2M0YzAiOnsiY3JlYXRlIjoxMjAwMDAwMDAwMDAwLCJkZWxldGUiOjEyMDAwMDAwMDAwMDAsInVwZGF0ZSI6MTIwMDAwMDAwMDAwMH19",
          "dependencies": [
            "data.aws_availability_zones.available",
            "module.vpc.aws_vpc.this",
            "module.vpc.aws_vpc_ipv4_cidr_block_association.this"
          ]
        }
      ]
    },
    {
      "module": "module.vpc",
      "mode": "managed",
      "type": "aws_nat_gateway",
      "name": "this",
      "provider": "provider[\"registry.terraform.io/hashicorp/aws\"]",
      "instances": [
        {
          "index_key": 0,
          "schema_version": 0,
          "attributes": {
            "allocation_id": "eipalloc-065b5b5c3dfb4ce52",
            "association_id": "eipassoc-08d794c087c4cf5b1",
            "connectivity_type": "public",
            "id": "nat-0c003592207ad9f6a",
            "network_interface_id": "eni-0c882e3ff1a2a847d",
            "private_ip": "10.0.4.160",
            "public_ip": "3.37.192.180",
            "secondary_allocation_ids": [],
            "secondary_private_ip_address_count": 0,
            "secondary_private_ip_addresses": [],
            "subnet_id": "subnet-0ed3e85474ee88429",
            "tags": {
              "Name": "chiholee-ap-northeast-2a",
              "identifier": "chiholee",
              "terraform": "true"
            },
            "tags_all": {
              "Name": "chiholee-ap-northeast-2a",
              "identifier": "chiholee",
              "terraform": "true"
            },
            "timeouts": null
          },
          "sensitive_attributes": [],
          "private": "eyJlMmJmYjczMC1lY2FhLTExZTYtOGY4OC0zNDM2M2JjN2M0YzAiOnsiY3JlYXRlIjo2MDAwMDAwMDAwMDAsImRlbGV0ZSI6MTgwMDAwMDAwMDAwMCwidXBkYXRlIjo2MDAwMDAwMDAwMDB9fQ==",
          "dependencies": [
            "data.aws_availability_zones.available",
            "module.vpc.aws_eip.nat",
            "module.vpc.aws_internet_gateway.this",
            "module.vpc.aws_subnet.public",
            "module.vpc.aws_vpc.this",
            "module.vpc.aws_vpc_ipv4_cidr_block_association.this"
          ]
        }
      ]
    },
    {
      "module": "module.vpc",
      "mode": "managed",
      "type": "aws_route",
      "name": "private_nat_gateway",
      "provider": "provider[\"registry.terraform.io/hashicorp/aws\"]",
      "instances": [
        {
          "index_key": 0,
          "schema_version": 0,
          "attributes": {
            "carrier_gateway_id": "",
            "core_network_arn": "",
            "destination_cidr_block": "0.0.0.0/0",
            "destination_ipv6_cidr_block": "",
            "destination_prefix_list_id": "",
            "egress_only_gateway_id": "",
            "gateway_id": "",
            "id": "r-rtb-06d349d4b3d2fdae91080289494",
            "instance_id": "",
            "instance_owner_id": "",
            "local_gateway_id": "",
            "nat_gateway_id": "nat-0c003592207ad9f6a",
            "network_interface_id": "",
            "origin": "CreateRoute",
            "route_table_id": "rtb-06d349d4b3d2fdae9",
            "state": "active",
            "timeouts": {
              "create": "5m",
              "delete": null,
              "update": null
            },
            "transit_gateway_id": "",
            "vpc_endpoint_id": "",
            "vpc_peering_connection_id": ""
          },
          "sensitive_attributes": [],
          "private": "eyJlMmJmYjczMC1lY2FhLTExZTYtOGY4OC0zNDM2M2JjN2M0YzAiOnsiY3JlYXRlIjozMDAwMDAwMDAwMDAsImRlbGV0ZSI6MzAwMDAwMDAwMDAwLCJ1cGRhdGUiOjEyMDAwMDAwMDAwMH19",
          "dependencies": [
            "data.aws_availability_zones.available",
            "module.vpc.aws_eip.nat",
            "module.vpc.aws_internet_gateway.this",
            "module.vpc.aws_nat_gateway.this",
            "module.vpc.aws_route_table.private",
            "module.vpc.aws_subnet.public",
            "module.vpc.aws_vpc.this",
            "module.vpc.aws_vpc_ipv4_cidr_block_association.this"
          ]
        }
      ]
    },
    {
      "module": "module.vpc",
      "mode": "managed",
      "type": "aws_route",
      "name": "public_internet_gateway",
      "provider": "provider[\"registry.terraform.io/hashicorp/aws\"]",
      "instances": [
        {
          "index_key": 0,
          "schema_version": 0,
          "attributes": {
            "carrier_gateway_id": "",
            "core_network_arn": "",
            "destination_cidr_block": "0.0.0.0/0",
            "destination_ipv6_cidr_block": "",
            "destination_prefix_list_id": "",
            "egress_only_gateway_id": "",
            "gateway_id": "igw-0d5974fe4570e7173",
            "id": "r-rtb-0e0b3cb8258b40ec91080289494",
            "instance_id": "",
            "instance_owner_id": "",
            "local_gateway_id": "",
            "nat_gateway_id": "",
            "network_interface_id": "",
            "origin": "CreateRoute",
            "route_table_id": "rtb-0e0b3cb8258b40ec9",
            "state": "active",
            "timeouts": {
              "create": "5m",
              "delete": null,
              "update": null
            },
            "transit_gateway_id": "",
            "vpc_endpoint_id": "",
            "vpc_peering_connection_id": ""
          },
          "sensitive_attributes": [],
          "private": "eyJlMmJmYjczMC1lY2FhLTExZTYtOGY4OC0zNDM2M2JjN2M0YzAiOnsiY3JlYXRlIjozMDAwMDAwMDAwMDAsImRlbGV0ZSI6MzAwMDAwMDAwMDAwLCJ1cGRhdGUiOjEyMDAwMDAwMDAwMH19",
          "dependencies": [
            "data.aws_availability_zones.available",
            "module.vpc.aws_internet_gateway.this",
            "module.vpc.aws_route_table.public",
            "module.vpc.aws_vpc.this",
            "module.vpc.aws_vpc_ipv4_cidr_block_association.this"
          ]
        }
      ]
    },
    {
      "module": "module.vpc",
      "mode": "managed",
      "type": "aws_route_table",
      "name": "private",
      "provider": "provider[\"registry.terraform.io/hashicorp/aws\"]",
      "instances": [
        {
          "index_key": 0,
          "schema_version": 0,
          "attributes": {
            "arn": "arn:aws:ec2:ap-northeast-2:058264542355:route-table/rtb-06d349d4b3d2fdae9",
            "id": "rtb-06d349d4b3d2fdae9",
            "owner_id": "058264542355",
            "propagating_vgws": [],
            "route": [
              {
                "carrier_gateway_id": "",
                "cidr_block": "0.0.0.0/0",
                "core_network_arn": "",
                "destination_prefix_list_id": "",
                "egress_only_gateway_id": "",
                "gateway_id": "",
                "ipv6_cidr_block": "",
                "local_gateway_id": "",
                "nat_gateway_id": "nat-0c003592207ad9f6a",
                "network_interface_id": "",
                "transit_gateway_id": "",
                "vpc_endpoint_id": "",
                "vpc_peering_connection_id": ""
              }
            ],
            "tags": {
              "Name": "chiholee-private",
              "identifier": "chiholee",
              "terraform": "true"
            },
            "tags_all": {
              "Name": "chiholee-private",
              "identifier": "chiholee",
              "terraform": "true"
            },
            "timeouts": null,
            "vpc_id": "vpc-06350b49d5e24cdba"
          },
          "sensitive_attributes": [],
          "private": "eyJlMmJmYjczMC1lY2FhLTExZTYtOGY4OC0zNDM2M2JjN2M0YzAiOnsiY3JlYXRlIjozMDAwMDAwMDAwMDAsImRlbGV0ZSI6MzAwMDAwMDAwMDAwLCJ1cGRhdGUiOjEyMDAwMDAwMDAwMH19",
          "dependencies": [
            "data.aws_availability_zones.available",
            "module.vpc.aws_vpc.this",
            "module.vpc.aws_vpc_ipv4_cidr_block_association.this"
          ]
        }
      ]
    },
    {
      "module": "module.vpc",
      "mode": "managed",
      "type": "aws_route_table",
      "name": "public",
      "provider": "provider[\"registry.terraform.io/hashicorp/aws\"]",
      "instances": [
        {
          "index_key": 0,
          "schema_version": 0,
          "attributes": {
            "arn": "arn:aws:ec2:ap-northeast-2:058264542355:route-table/rtb-0e0b3cb8258b40ec9",
            "id": "rtb-0e0b3cb8258b40ec9",
            "owner_id": "058264542355",
            "propagating_vgws": [],
            "route": [
              {
                "carrier_gateway_id": "",
                "cidr_block": "0.0.0.0/0",
                "core_network_arn": "",
                "destination_prefix_list_id": "",
                "egress_only_gateway_id": "",
                "gateway_id": "igw-0d5974fe4570e7173",
                "ipv6_cidr_block": "",
                "local_gateway_id": "",
                "nat_gateway_id": "",
                "network_interface_id": "",
                "transit_gateway_id": "",
                "vpc_endpoint_id": "",
                "vpc_peering_connection_id": ""
              }
            ],
            "tags": {
              "Name": "chiholee-public",
              "identifier": "chiholee",
              "terraform": "true"
            },
            "tags_all": {
              "Name": "chiholee-public",
              "identifier": "chiholee",
              "terraform": "true"
            },
            "timeouts": null,
            "vpc_id": "vpc-06350b49d5e24cdba"
          },
          "sensitive_attributes": [],
          "private": "eyJlMmJmYjczMC1lY2FhLTExZTYtOGY4OC0zNDM2M2JjN2M0YzAiOnsiY3JlYXRlIjozMDAwMDAwMDAwMDAsImRlbGV0ZSI6MzAwMDAwMDAwMDAwLCJ1cGRhdGUiOjEyMDAwMDAwMDAwMH19",
          "dependencies": [
            "data.aws_availability_zones.available",
            "module.vpc.aws_vpc.this",
            "module.vpc.aws_vpc_ipv4_cidr_block_association.this"
          ]
        }
      ]
    },
    {
      "module": "module.vpc",
      "mode": "managed",
      "type": "aws_route_table_association",
      "name": "database",
      "provider": "provider[\"registry.terraform.io/hashicorp/aws\"]",
      "instances": [
        {
          "index_key": 0,
          "schema_version": 0,
          "attributes": {
            "gateway_id": "",
            "id": "rtbassoc-0ac2062c5a9296ca9",
            "route_table_id": "rtb-06d349d4b3d2fdae9",
            "subnet_id": "subnet-0445225277443784c",
            "timeouts": null
          },
          "sensitive_attributes": [],
          "private": "eyJlMmJmYjczMC1lY2FhLTExZTYtOGY4OC0zNDM2M2JjN2M0YzAiOnsiY3JlYXRlIjozMDAwMDAwMDAwMDAsImRlbGV0ZSI6MzAwMDAwMDAwMDAwLCJ1cGRhdGUiOjEyMDAwMDAwMDAwMH19",
          "dependencies": [
            "data.aws_availability_zones.available",
            "module.vpc.aws_route_table.database",
            "module.vpc.aws_route_table.private",
            "module.vpc.aws_subnet.database",
            "module.vpc.aws_vpc.this",
            "module.vpc.aws_vpc_ipv4_cidr_block_association.this"
          ]
        },
        {
          "index_key": 1,
          "schema_version": 0,
          "attributes": {
            "gateway_id": "",
            "id": "rtbassoc-018272eae27473a78",
            "route_table_id": "rtb-06d349d4b3d2fdae9",
            "subnet_id": "subnet-05fbb9d997d2c9a28",
            "timeouts": null
          },
          "sensitive_attributes": [],
          "private": "eyJlMmJmYjczMC1lY2FhLTExZTYtOGY4OC0zNDM2M2JjN2M0YzAiOnsiY3JlYXRlIjozMDAwMDAwMDAwMDAsImRlbGV0ZSI6MzAwMDAwMDAwMDAwLCJ1cGRhdGUiOjEyMDAwMDAwMDAwMH19",
          "dependencies": [
            "data.aws_availability_zones.available",
            "module.vpc.aws_route_table.database",
            "module.vpc.aws_route_table.private",
            "module.vpc.aws_subnet.database",
            "module.vpc.aws_vpc.this",
            "module.vpc.aws_vpc_ipv4_cidr_block_association.this"
          ]
        }
      ]
    },
    {
      "module": "module.vpc",
      "mode": "managed",
      "type": "aws_route_table_association",
      "name": "private",
      "provider": "provider[\"registry.terraform.io/hashicorp/aws\"]",
      "instances": [
        {
          "index_key": 0,
          "schema_version": 0,
          "attributes": {
            "gateway_id": "",
            "id": "rtbassoc-03c7b11a63cd148bd",
            "route_table_id": "rtb-06d349d4b3d2fdae9",
            "subnet_id": "subnet-01f2901f1a7c1f651",
            "timeouts": null
          },
          "sensitive_attributes": [],
          "private": "eyJlMmJmYjczMC1lY2FhLTExZTYtOGY4OC0zNDM2M2JjN2M0YzAiOnsiY3JlYXRlIjozMDAwMDAwMDAwMDAsImRlbGV0ZSI6MzAwMDAwMDAwMDAwLCJ1cGRhdGUiOjEyMDAwMDAwMDAwMH19",
          "dependencies": [
            "data.aws_availability_zones.available",
            "module.vpc.aws_route_table.private",
            "module.vpc.aws_subnet.private",
            "module.vpc.aws_vpc.this",
            "module.vpc.aws_vpc_ipv4_cidr_block_association.this"
          ]
        },
        {
          "index_key": 1,
          "schema_version": 0,
          "attributes": {
            "gateway_id": "",
            "id": "rtbassoc-068e8dd4a24f39dca",
            "route_table_id": "rtb-06d349d4b3d2fdae9",
            "subnet_id": "subnet-066a17300c14772ba",
            "timeouts": null
          },
          "sensitive_attributes": [],
          "private": "eyJlMmJmYjczMC1lY2FhLTExZTYtOGY4OC0zNDM2M2JjN2M0YzAiOnsiY3JlYXRlIjozMDAwMDAwMDAwMDAsImRlbGV0ZSI6MzAwMDAwMDAwMDAwLCJ1cGRhdGUiOjEyMDAwMDAwMDAwMH19",
          "dependencies": [
            "data.aws_availability_zones.available",
            "module.vpc.aws_route_table.private",
            "module.vpc.aws_subnet.private",
            "module.vpc.aws_vpc.this",
            "module.vpc.aws_vpc_ipv4_cidr_block_association.this"
          ]
        }
      ]
    },
    {
      "module": "module.vpc",
      "mode": "managed",
      "type": "aws_route_table_association",
      "name": "public",
      "provider": "provider[\"registry.terraform.io/hashicorp/aws\"]",
      "instances": [
        {
          "index_key": 0,
          "schema_version": 0,
          "attributes": {
            "gateway_id": "",
            "id": "rtbassoc-05bd66a04d17d8c45",
            "route_table_id": "rtb-0e0b3cb8258b40ec9",
            "subnet_id": "subnet-0ed3e85474ee88429",
            "timeouts": null
          },
          "sensitive_attributes": [],
          "private": "eyJlMmJmYjczMC1lY2FhLTExZTYtOGY4OC0zNDM2M2JjN2M0YzAiOnsiY3JlYXRlIjozMDAwMDAwMDAwMDAsImRlbGV0ZSI6MzAwMDAwMDAwMDAwLCJ1cGRhdGUiOjEyMDAwMDAwMDAwMH19",
          "dependencies": [
            "data.aws_availability_zones.available",
            "module.vpc.aws_route_table.public",
            "module.vpc.aws_subnet.public",
            "module.vpc.aws_vpc.this",
            "module.vpc.aws_vpc_ipv4_cidr_block_association.this"
          ]
        },
        {
          "index_key": 1,
          "schema_version": 0,
          "attributes": {
            "gateway_id": "",
            "id": "rtbassoc-01cc097ac1623432c",
            "route_table_id": "rtb-0e0b3cb8258b40ec9",
            "subnet_id": "subnet-08055ee027e3fcb89",
            "timeouts": null
          },
          "sensitive_attributes": [],
          "private": "eyJlMmJmYjczMC1lY2FhLTExZTYtOGY4OC0zNDM2M2JjN2M0YzAiOnsiY3JlYXRlIjozMDAwMDAwMDAwMDAsImRlbGV0ZSI6MzAwMDAwMDAwMDAwLCJ1cGRhdGUiOjEyMDAwMDAwMDAwMH19",
          "dependencies": [
            "data.aws_availability_zones.available",
            "module.vpc.aws_route_table.public",
            "module.vpc.aws_subnet.public",
            "module.vpc.aws_vpc.this",
            "module.vpc.aws_vpc_ipv4_cidr_block_association.this"
          ]
        }
      ]
    },
    {
      "module": "module.vpc",
      "mode": "managed",
      "type": "aws_subnet",
      "name": "database",
      "provider": "provider[\"registry.terraform.io/hashicorp/aws\"]",
      "instances": [
        {
          "index_key": 0,
          "schema_version": 1,
          "attributes": {
            "arn": "arn:aws:ec2:ap-northeast-2:058264542355:subnet/subnet-0445225277443784c",
            "assign_ipv6_address_on_creation": false,
            "availability_zone": "ap-northeast-2a",
            "availability_zone_id": "apne2-az1",
            "cidr_block": "10.0.8.0/24",
            "customer_owned_ipv4_pool": "",
            "enable_dns64": false,
            "enable_lni_at_device_index": 0,
            "enable_resource_name_dns_a_record_on_launch": false,
            "enable_resource_name_dns_aaaa_record_on_launch": false,
            "id": "subnet-0445225277443784c",
            "ipv6_cidr_block": "",
            "ipv6_cidr_block_association_id": "",
            "ipv6_native": false,
            "map_customer_owned_ip_on_launch": false,
            "map_public_ip_on_launch": false,
            "outpost_arn": "",
            "owner_id": "058264542355",
            "private_dns_hostname_type_on_launch": "ip-name",
            "tags": {
              "Name": "chiholee-db-ap-northeast-2a",
              "identifier": "chiholee",
              "terraform": "true"
            },
            "tags_all": {
              "Name": "chiholee-db-ap-northeast-2a",
              "identifier": "chiholee",
              "terraform": "true"
            },
            "timeouts": null,
            "vpc_id": "vpc-06350b49d5e24cdba"
          },
          "sensitive_attributes": [],
          "private": "eyJlMmJmYjczMC1lY2FhLTExZTYtOGY4OC0zNDM2M2JjN2M0YzAiOnsiY3JlYXRlIjo2MDAwMDAwMDAwMDAsImRlbGV0ZSI6MTIwMDAwMDAwMDAwMH0sInNjaGVtYV92ZXJzaW9uIjoiMSJ9",
          "dependencies": [
            "data.aws_availability_zones.available",
            "module.vpc.aws_vpc.this",
            "module.vpc.aws_vpc_ipv4_cidr_block_association.this"
          ]
        },
        {
          "index_key": 1,
          "schema_version": 1,
          "attributes": {
            "arn": "arn:aws:ec2:ap-northeast-2:058264542355:subnet/subnet-05fbb9d997d2c9a28",
            "assign_ipv6_address_on_creation": false,
            "availability_zone": "ap-northeast-2b",
            "availability_zone_id": "apne2-az2",
            "cidr_block": "10.0.9.0/24",
            "customer_owned_ipv4_pool": "",
            "enable_dns64": false,
            "enable_lni_at_device_index": 0,
            "enable_resource_name_dns_a_record_on_launch": false,
            "enable_resource_name_dns_aaaa_record_on_launch": false,
            "id": "subnet-05fbb9d997d2c9a28",
            "ipv6_cidr_block": "",
            "ipv6_cidr_block_association_id": "",
            "ipv6_native": false,
            "map_customer_owned_ip_on_launch": false,
            "map_public_ip_on_launch": false,
            "outpost_arn": "",
            "owner_id": "058264542355",
            "private_dns_hostname_type_on_launch": "ip-name",
            "tags": {
              "Name": "chiholee-db-ap-northeast-2b",
              "identifier": "chiholee",
              "terraform": "true"
            },
            "tags_all": {
              "Name": "chiholee-db-ap-northeast-2b",
              "identifier": "chiholee",
              "terraform": "true"
            },
            "timeouts": null,
            "vpc_id": "vpc-06350b49d5e24cdba"
          },
          "sensitive_attributes": [],
          "private": "eyJlMmJmYjczMC1lY2FhLTExZTYtOGY4OC0zNDM2M2JjN2M0YzAiOnsiY3JlYXRlIjo2MDAwMDAwMDAwMDAsImRlbGV0ZSI6MTIwMDAwMDAwMDAwMH0sInNjaGVtYV92ZXJzaW9uIjoiMSJ9",
          "dependencies": [
            "data.aws_availability_zones.available",
            "module.vpc.aws_vpc.this",
            "module.vpc.aws_vpc_ipv4_cidr_block_association.this"
          ]
        }
      ]
    },
    {
      "module": "module.vpc",
      "mode": "managed",
      "type": "aws_subnet",
      "name": "private",
      "provider": "provider[\"registry.terraform.io/hashicorp/aws\"]",
      "instances": [
        {
          "index_key": 0,
          "schema_version": 1,
          "attributes": {
            "arn": "arn:aws:ec2:ap-northeast-2:058264542355:subnet/subnet-01f2901f1a7c1f651",
            "assign_ipv6_address_on_creation": false,
            "availability_zone": "ap-northeast-2a",
            "availability_zone_id": "apne2-az1",
            "cidr_block": "10.0.0.0/24",
            "customer_owned_ipv4_pool": "",
            "enable_dns64": false,
            "enable_lni_at_device_index": 0,
            "enable_resource_name_dns_a_record_on_launch": false,
            "enable_resource_name_dns_aaaa_record_on_launch": false,
            "id": "subnet-01f2901f1a7c1f651",
            "ipv6_cidr_block": "",
            "ipv6_cidr_block_association_id": "",
            "ipv6_native": false,
            "map_customer_owned_ip_on_launch": false,
            "map_public_ip_on_launch": false,
            "outpost_arn": "",
            "owner_id": "058264542355",
            "private_dns_hostname_type_on_launch": "ip-name",
            "tags": {
              "Name": "chiholee-private-ap-northeast-2a",
              "identifier": "chiholee",
              "terraform": "true"
            },
            "tags_all": {
              "Name": "chiholee-private-ap-northeast-2a",
              "identifier": "chiholee",
              "terraform": "true"
            },
            "timeouts": null,
            "vpc_id": "vpc-06350b49d5e24cdba"
          },
          "sensitive_attributes": [],
          "private": "eyJlMmJmYjczMC1lY2FhLTExZTYtOGY4OC0zNDM2M2JjN2M0YzAiOnsiY3JlYXRlIjo2MDAwMDAwMDAwMDAsImRlbGV0ZSI6MTIwMDAwMDAwMDAwMH0sInNjaGVtYV92ZXJzaW9uIjoiMSJ9",
          "dependencies": [
            "data.aws_availability_zones.available",
            "module.vpc.aws_vpc.this",
            "module.vpc.aws_vpc_ipv4_cidr_block_association.this"
          ]
        },
        {
          "index_key": 1,
          "schema_version": 1,
          "attributes": {
            "arn": "arn:aws:ec2:ap-northeast-2:058264542355:subnet/subnet-066a17300c14772ba",
            "assign_ipv6_address_on_creation": false,
            "availability_zone": "ap-northeast-2b",
            "availability_zone_id": "apne2-az2",
            "cidr_block": "10.0.1.0/24",
            "customer_owned_ipv4_pool": "",
            "enable_dns64": false,
            "enable_lni_at_device_index": 0,
            "enable_resource_name_dns_a_record_on_launch": false,
            "enable_resource_name_dns_aaaa_record_on_launch": false,
            "id": "subnet-066a17300c14772ba",
            "ipv6_cidr_block": "",
            "ipv6_cidr_block_association_id": "",
            "ipv6_native": false,
            "map_customer_owned_ip_on_launch": false,
            "map_public_ip_on_launch": false,
            "outpost_arn": "",
            "owner_id": "058264542355",
            "private_dns_hostname_type_on_launch": "ip-name",
            "tags": {
              "Name": "chiholee-private-ap-northeast-2b",
              "identifier": "chiholee",
              "terraform": "true"
            },
            "tags_all": {
              "Name": "chiholee-private-ap-northeast-2b",
              "identifier": "chiholee",
              "terraform": "true"
            },
            "timeouts": null,
            "vpc_id": "vpc-06350b49d5e24cdba"
          },
          "sensitive_attributes": [],
          "private": "eyJlMmJmYjczMC1lY2FhLTExZTYtOGY4OC0zNDM2M2JjN2M0YzAiOnsiY3JlYXRlIjo2MDAwMDAwMDAwMDAsImRlbGV0ZSI6MTIwMDAwMDAwMDAwMH0sInNjaGVtYV92ZXJzaW9uIjoiMSJ9",
          "dependencies": [
            "data.aws_availability_zones.available",
            "module.vpc.aws_vpc.this",
            "module.vpc.aws_vpc_ipv4_cidr_block_association.this"
          ]
        }
      ]
    },
    {
      "module": "module.vpc",
      "mode": "managed",
      "type": "aws_subnet",
      "name": "public",
      "provider": "provider[\"registry.terraform.io/hashicorp/aws\"]",
      "instances": [
        {
          "index_key": 0,
          "schema_version": 1,
          "attributes": {
            "arn": "arn:aws:ec2:ap-northeast-2:058264542355:subnet/subnet-0ed3e85474ee88429",
            "assign_ipv6_address_on_creation": false,
            "availability_zone": "ap-northeast-2a",
            "availability_zone_id": "apne2-az1",
            "cidr_block": "10.0.4.0/24",
            "customer_owned_ipv4_pool": "",
            "enable_dns64": false,
            "enable_lni_at_device_index": 0,
            "enable_resource_name_dns_a_record_on_launch": false,
            "enable_resource_name_dns_aaaa_record_on_launch": false,
            "id": "subnet-0ed3e85474ee88429",
            "ipv6_cidr_block": "",
            "ipv6_cidr_block_association_id": "",
            "ipv6_native": false,
            "map_customer_owned_ip_on_launch": false,
            "map_public_ip_on_launch": false,
            "outpost_arn": "",
            "owner_id": "058264542355",
            "private_dns_hostname_type_on_launch": "ip-name",
            "tags": {
              "Name": "chiholee-public-ap-northeast-2a",
              "identifier": "chiholee",
              "terraform": "true"
            },
            "tags_all": {
              "Name": "chiholee-public-ap-northeast-2a",
              "identifier": "chiholee",
              "terraform": "true"
            },
            "timeouts": null,
            "vpc_id": "vpc-06350b49d5e24cdba"
          },
          "sensitive_attributes": [],
          "private": "eyJlMmJmYjczMC1lY2FhLTExZTYtOGY4OC0zNDM2M2JjN2M0YzAiOnsiY3JlYXRlIjo2MDAwMDAwMDAwMDAsImRlbGV0ZSI6MTIwMDAwMDAwMDAwMH0sInNjaGVtYV92ZXJzaW9uIjoiMSJ9",
          "dependencies": [
            "data.aws_availability_zones.available",
            "module.vpc.aws_vpc.this",
            "module.vpc.aws_vpc_ipv4_cidr_block_association.this"
          ]
        },
        {
          "index_key": 1,
          "schema_version": 1,
          "attributes": {
            "arn": "arn:aws:ec2:ap-northeast-2:058264542355:subnet/subnet-08055ee027e3fcb89",
            "assign_ipv6_address_on_creation": false,
            "availability_zone": "ap-northeast-2b",
            "availability_zone_id": "apne2-az2",
            "cidr_block": "10.0.5.0/24",
            "customer_owned_ipv4_pool": "",
            "enable_dns64": false,
            "enable_lni_at_device_index": 0,
            "enable_resource_name_dns_a_record_on_launch": false,
            "enable_resource_name_dns_aaaa_record_on_launch": false,
            "id": "subnet-08055ee027e3fcb89",
            "ipv6_cidr_block": "",
            "ipv6_cidr_block_association_id": "",
            "ipv6_native": false,
            "map_customer_owned_ip_on_launch": false,
            "map_public_ip_on_launch": false,
            "outpost_arn": "",
            "owner_id": "058264542355",
            "private_dns_hostname_type_on_launch": "ip-name",
            "tags": {
              "Name": "chiholee-public-ap-northeast-2b",
              "identifier": "chiholee",
              "terraform": "true"
            },
            "tags_all": {
              "Name": "chiholee-public-ap-northeast-2b",
              "identifier": "chiholee",
              "terraform": "true"
            },
            "timeouts": null,
            "vpc_id": "vpc-06350b49d5e24cdba"
          },
          "sensitive_attributes": [],
          "private": "eyJlMmJmYjczMC1lY2FhLTExZTYtOGY4OC0zNDM2M2JjN2M0YzAiOnsiY3JlYXRlIjo2MDAwMDAwMDAwMDAsImRlbGV0ZSI6MTIwMDAwMDAwMDAwMH0sInNjaGVtYV92ZXJzaW9uIjoiMSJ9",
          "dependencies": [
            "data.aws_availability_zones.available",
            "module.vpc.aws_vpc.this",
            "module.vpc.aws_vpc_ipv4_cidr_block_association.this"
          ]
        }
      ]
    },
    {
      "module": "module.vpc",
      "mode": "managed",
      "type": "aws_vpc",
      "name": "this",
      "provider": "provider[\"registry.terraform.io/hashicorp/aws\"]",
      "instances": [
        {
          "index_key": 0,
          "schema_version": 1,
          "attributes": {
            "arn": "arn:aws:ec2:ap-northeast-2:058264542355:vpc/vpc-06350b49d5e24cdba",
            "assign_generated_ipv6_cidr_block": false,
            "cidr_block": "10.0.0.0/16",
            "default_network_acl_id": "acl-06f8a2da7882040d5",
            "default_route_table_id": "rtb-0a6fd0c6388fb876d",
            "default_security_group_id": "sg-03df22a71423dfa08",
            "dhcp_options_id": "dopt-04697e58ea4a0227e",
            "enable_dns_hostnames": true,
            "enable_dns_support": true,
            "enable_network_address_usage_metrics": false,
            "id": "vpc-06350b49d5e24cdba",
            "instance_tenancy": "default",
            "ipv4_ipam_pool_id": null,
            "ipv4_netmask_length": null,
            "ipv6_association_id": "",
            "ipv6_cidr_block": "",
            "ipv6_cidr_block_network_border_group": "",
            "ipv6_ipam_pool_id": "",
            "ipv6_netmask_length": 0,
            "main_route_table_id": "rtb-0a6fd0c6388fb876d",
            "owner_id": "058264542355",
            "tags": {
              "Name": "chiholee",
              "identifier": "chiholee",
              "terraform": "true"
            },
            "tags_all": {
              "Name": "chiholee",
              "identifier": "chiholee",
              "terraform": "true"
            }
          },
          "sensitive_attributes": [],
          "private": "eyJzY2hlbWFfdmVyc2lvbiI6IjEifQ==",
          "create_before_destroy": true
        }
      ]
    },
    {
      "module": "module.vpc",
      "mode": "managed",
      "type": "aws_vpc_dhcp_options",
      "name": "this",
      "provider": "provider[\"registry.terraform.io/hashicorp/aws\"]",
      "instances": [
        {
          "index_key": 0,
          "schema_version": 0,
          "attributes": {
            "arn": "arn:aws:ec2:ap-northeast-2:058264542355:dhcp-options/dopt-04697e58ea4a0227e",
            "domain_name": "",
            "domain_name_servers": [
              "AmazonProvidedDNS"
            ],
            "id": "dopt-04697e58ea4a0227e",
            "ipv6_address_preferred_lease_time": "",
            "netbios_name_servers": [],
            "netbios_node_type": "",
            "ntp_servers": [],
            "owner_id": "058264542355",
            "tags": {
              "Name": "chiholee",
              "identifier": "chiholee",
              "terraform": "true"
            },
            "tags_all": {
              "Name": "chiholee",
              "identifier": "chiholee",
              "terraform": "true"
            }
          },
          "sensitive_attributes": [],
          "private": "bnVsbA=="
        }
      ]
    },
    {
      "module": "module.vpc",
      "mode": "managed",
      "type": "aws_vpc_dhcp_options_association",
      "name": "this",
      "provider": "provider[\"registry.terraform.io/hashicorp/aws\"]",
      "instances": [
        {
          "index_key": 0,
          "schema_version": 0,
          "attributes": {
            "dhcp_options_id": "dopt-04697e58ea4a0227e",
            "id": "dopt-04697e58ea4a0227e-vpc-06350b49d5e24cdba",
            "vpc_id": "vpc-06350b49d5e24cdba"
          },
          "sensitive_attributes": [],
          "private": "bnVsbA==",
          "dependencies": [
            "module.vpc.aws_vpc.this",
            "module.vpc.aws_vpc_dhcp_options.this",
            "module.vpc.aws_vpc_ipv4_cidr_block_association.this"
          ]
        }
      ]
    }
  ],
  "check_results": null
}
